// !$*UTF8*$!
{
	archiveVersion = 1;
	classes = {
	};
	objectVersion = 46;
	objects = {

/* Begin PBXBuildFile section */
		70058DF51D993D6E00E10E45 /* HLCustomLabelViewController.m in Sources */ = {isa = PBXBuildFile; fileRef = 70058DF41D993D6E00E10E45 /* HLCustomLabelViewController.m */; };
		70058DFA1D993E1000E10E45 /* HLLabel.m in Sources */ = {isa = PBXBuildFile; fileRef = 70058DF91D993E1000E10E45 /* HLLabel.m */; };
		702229981DB1ACFA000BD135 /* HLHLDrawController.m in Sources */ = {isa = PBXBuildFile; fileRef = 702229971DB1ACFA000BD135 /* HLHLDrawController.m */; };
		7022299E1DB1AD4F000BD135 /* HLDrawTextView.m in Sources */ = {isa = PBXBuildFile; fileRef = 7022299D1DB1AD4F000BD135 /* HLDrawTextView.m */; };
		702229A21DB1B581000BD135 /* HLWindowViewController.m in Sources */ = {isa = PBXBuildFile; fileRef = 702229A11DB1B581000BD135 /* HLWindowViewController.m */; };
		702229A41DB1BD28000BD135 /* window.html in Resources */ = {isa = PBXBuildFile; fileRef = 702229A31DB1BD28000BD135 /* window.html */; };
		70222A3C1DB324BD000BD135 /* HLSortMethodViewController.m in Sources */ = {isa = PBXBuildFile; fileRef = 70222A3B1DB324BD000BD135 /* HLSortMethodViewController.m */; };
		70222A421DB3A1F8000BD135 /* HLAddContactLikeTableViewController.m in Sources */ = {isa = PBXBuildFile; fileRef = 70222A411DB3A1F8000BD135 /* HLAddContactLikeTableViewController.m */; };
		70266CAF1D683879002163B7 /* main.m in Sources */ = {isa = PBXBuildFile; fileRef = 70266CAE1D683879002163B7 /* main.m */; };
		70266CB21D683879002163B7 /* AppDelegate.m in Sources */ = {isa = PBXBuildFile; fileRef = 70266CB11D683879002163B7 /* AppDelegate.m */; };
		70266CB51D683879002163B7 /* ViewController.m in Sources */ = {isa = PBXBuildFile; fileRef = 70266CB41D683879002163B7 /* ViewController.m */; };
		70266CBA1D683879002163B7 /* Assets.xcassets in Resources */ = {isa = PBXBuildFile; fileRef = 70266CB91D683879002163B7 /* Assets.xcassets */; };
		70266CBD1D683879002163B7 /* LaunchScreen.storyboard in Resources */ = {isa = PBXBuildFile; fileRef = 70266CBB1D683879002163B7 /* LaunchScreen.storyboard */; };
		70266CC81D68387A002163B7 /* DemoCollectionsTests.m in Sources */ = {isa = PBXBuildFile; fileRef = 70266CC71D68387A002163B7 /* DemoCollectionsTests.m */; };
		70266CD31D68387A002163B7 /* DemoCollectionsUITests.m in Sources */ = {isa = PBXBuildFile; fileRef = 70266CD21D68387A002163B7 /* DemoCollectionsUITests.m */; };
		70266CE31D68464D002163B7 /* tables.plist in Resources */ = {isa = PBXBuildFile; fileRef = 70266CE21D68464D002163B7 /* tables.plist */; };
		70266CEA1D684E0E002163B7 /* UIColor+HLRandomColor.m in Sources */ = {isa = PBXBuildFile; fileRef = 70266CE91D684E0E002163B7 /* UIColor+HLRandomColor.m */; };
		70266CF11D68504C002163B7 /* HLRedaController.m in Sources */ = {isa = PBXBuildFile; fileRef = 70266CF01D68504C002163B7 /* HLRedaController.m */; };
		70348EA01D71800300D3C3C5 /* HLEyeViewController.m in Sources */ = {isa = PBXBuildFile; fileRef = 70348E9F1D71800300D3C3C5 /* HLEyeViewController.m */; };
		70348EA31D7184DC00D3C3C5 /* HLEyeView.m in Sources */ = {isa = PBXBuildFile; fileRef = 70348EA21D7184DC00D3C3C5 /* HLEyeView.m */; };
		70348EA71D7276DB00D3C3C5 /* HLDataViewController.m in Sources */ = {isa = PBXBuildFile; fileRef = 70348EA61D7276DB00D3C3C5 /* HLDataViewController.m */; };
		70348EAB1D72773700D3C3C5 /* HLDataBaseTool.m in Sources */ = {isa = PBXBuildFile; fileRef = 70348EAA1D72773700D3C3C5 /* HLDataBaseTool.m */; };
		70348EAF1D72775700D3C3C5 /* HLStudentModel.m in Sources */ = {isa = PBXBuildFile; fileRef = 70348EAE1D72775700D3C3C5 /* HLStudentModel.m */; };
		706B49591DAD251500B57965 /* HLEditingTableViewController.m in Sources */ = {isa = PBXBuildFile; fileRef = 706B49581DAD251500B57965 /* HLEditingTableViewController.m */; };
		707D83741D6EC52000488B86 /* HLDetailViewController.m in Sources */ = {isa = PBXBuildFile; fileRef = 707D83731D6EC52000488B86 /* HLDetailViewController.m */; };
		707D837A1D6ECC3700488B86 /* HLMainModel.m in Sources */ = {isa = PBXBuildFile; fileRef = 707D83791D6ECC3700488B86 /* HLMainModel.m */; };
		707FF6751D6ED55D000C4D1A /* reda.html in Resources */ = {isa = PBXBuildFile; fileRef = 707FF6741D6ED55D000C4D1A /* reda.html */; };
		707FF6771D6ED9D0000C4D1A /* gesturePassword.html in Resources */ = {isa = PBXBuildFile; fileRef = 707FF6761D6ED9D0000C4D1A /* gesturePassword.html */; };
		70B2F3351D6DCD41004325AB /* HLGestureViewController.m in Sources */ = {isa = PBXBuildFile; fileRef = 70B2F3341D6DCD41004325AB /* HLGestureViewController.m */; };
		70B2F3381D6DCD87004325AB /* HLGestureView.m in Sources */ = {isa = PBXBuildFile; fileRef = 70B2F3371D6DCD87004325AB /* HLGestureView.m */; };
		70D74A801D818251007A94D6 /* HLCollectionTableViewController.m in Sources */ = {isa = PBXBuildFile; fileRef = 70D74A7F1D818251007A94D6 /* HLCollectionTableViewController.m */; };
		70D74A831D81884C007A94D6 /* HLDynamicCollectionViewCell.m in Sources */ = {isa = PBXBuildFile; fileRef = 70D74A821D81884C007A94D6 /* HLDynamicCollectionViewCell.m */; };
		70D74A861D818F0D007A94D6 /* HLDynamicTableViewCell.m in Sources */ = {isa = PBXBuildFile; fileRef = 70D74A851D818F0D007A94D6 /* HLDynamicTableViewCell.m */; };
		70D74A881D81A012007A94D6 /* HLdycell.xib in Resources */ = {isa = PBXBuildFile; fileRef = 70D74A871D81A012007A94D6 /* HLdycell.xib */; };
		70E4D6C91D6897ED00A1C9BB /* UIView+HLFrame.m in Sources */ = {isa = PBXBuildFile; fileRef = 70E4D6C81D6897ED00A1C9BB /* UIView+HLFrame.m */; };
		70FDF0881D9AA9E40044F291 /* HLAddressBookViewController.m in Sources */ = {isa = PBXBuildFile; fileRef = 70FDF0871D9AA9E40044F291 /* HLAddressBookViewController.m */; };
		70FDF08A1D9AA9F30044F291 /* cars_total.plist in Resources */ = {isa = PBXBuildFile; fileRef = 70FDF0891D9AA9F30044F291 /* cars_total.plist */; };
		70FDF08F1D9AAA030044F291 /* CarModel.m in Sources */ = {isa = PBXBuildFile; fileRef = 70FDF08D1D9AAA030044F291 /* CarModel.m */; };
		70FDF0901D9AAA030044F291 /* CarSectionModel.m in Sources */ = {isa = PBXBuildFile; fileRef = 70FDF08E1D9AAA030044F291 /* CarSectionModel.m */; };
		B995124BF8520564E162ADC5 /* libPods-DemoCollections.a in Frameworks */ = {isa = PBXBuildFile; fileRef = 54094EC404360C4182D743A2 /* libPods-DemoCollections.a */; };
/* End PBXBuildFile section */

/* Begin PBXContainerItemProxy section */
		70266CC41D68387A002163B7 /* PBXContainerItemProxy */ = {
			isa = PBXContainerItemProxy;
			containerPortal = 70266CA21D683879002163B7 /* Project object */;
			proxyType = 1;
			remoteGlobalIDString = 70266CA91D683879002163B7;
			remoteInfo = DemoCollections;
		};
		70266CCF1D68387A002163B7 /* PBXContainerItemProxy */ = {
			isa = PBXContainerItemProxy;
			containerPortal = 70266CA21D683879002163B7 /* Project object */;
			proxyType = 1;
			remoteGlobalIDString = 70266CA91D683879002163B7;
			remoteInfo = DemoCollections;
		};
/* End PBXContainerItemProxy section */

/* Begin PBXFileReference section */
		54094EC404360C4182D743A2 /* libPods-DemoCollections.a */ = {isa = PBXFileReference; explicitFileType = archive.ar; includeInIndex = 0; path = "libPods-DemoCollections.a"; sourceTree = BUILT_PRODUCTS_DIR; };
		70058DF31D993D6E00E10E45 /* HLCustomLabelViewController.h */ = {isa = PBXFileReference; fileEncoding = 4; lastKnownFileType = sourcecode.c.h; path = HLCustomLabelViewController.h; sourceTree = "<group>"; };
		70058DF41D993D6E00E10E45 /* HLCustomLabelViewController.m */ = {isa = PBXFileReference; fileEncoding = 4; lastKnownFileType = sourcecode.c.objc; path = HLCustomLabelViewController.m; sourceTree = "<group>"; };
		70058DF81D993E1000E10E45 /* HLLabel.h */ = {isa = PBXFileReference; fileEncoding = 4; lastKnownFileType = sourcecode.c.h; path = HLLabel.h; sourceTree = "<group>"; };
		70058DF91D993E1000E10E45 /* HLLabel.m */ = {isa = PBXFileReference; fileEncoding = 4; lastKnownFileType = sourcecode.c.objc; path = HLLabel.m; sourceTree = "<group>"; };
		702229961DB1ACFA000BD135 /* HLHLDrawController.h */ = {isa = PBXFileReference; fileEncoding = 4; lastKnownFileType = sourcecode.c.h; path = HLHLDrawController.h; sourceTree = "<group>"; };
		702229971DB1ACFA000BD135 /* HLHLDrawController.m */ = {isa = PBXFileReference; fileEncoding = 4; lastKnownFileType = sourcecode.c.objc; path = HLHLDrawController.m; sourceTree = "<group>"; };
		7022299C1DB1AD4F000BD135 /* HLDrawTextView.h */ = {isa = PBXFileReference; fileEncoding = 4; lastKnownFileType = sourcecode.c.h; path = HLDrawTextView.h; sourceTree = "<group>"; };
		7022299D1DB1AD4F000BD135 /* HLDrawTextView.m */ = {isa = PBXFileReference; fileEncoding = 4; lastKnownFileType = sourcecode.c.objc; path = HLDrawTextView.m; sourceTree = "<group>"; };
		702229A01DB1B581000BD135 /* HLWindowViewController.h */ = {isa = PBXFileReference; fileEncoding = 4; lastKnownFileType = sourcecode.c.h; path = HLWindowViewController.h; sourceTree = "<group>"; };
		702229A11DB1B581000BD135 /* HLWindowViewController.m */ = {isa = PBXFileReference; fileEncoding = 4; lastKnownFileType = sourcecode.c.objc; path = HLWindowViewController.m; sourceTree = "<group>"; };
		702229A31DB1BD28000BD135 /* window.html */ = {isa = PBXFileReference; fileEncoding = 4; lastKnownFileType = text.html; path = window.html; sourceTree = "<group>"; };
		70222A3A1DB324BD000BD135 /* HLSortMethodViewController.h */ = {isa = PBXFileReference; fileEncoding = 4; lastKnownFileType = sourcecode.c.h; path = HLSortMethodViewController.h; sourceTree = "<group>"; };
		70222A3B1DB324BD000BD135 /* HLSortMethodViewController.m */ = {isa = PBXFileReference; fileEncoding = 4; lastKnownFileType = sourcecode.c.objc; path = HLSortMethodViewController.m; sourceTree = "<group>"; };
		70222A401DB3A1F8000BD135 /* HLAddContactLikeTableViewController.h */ = {isa = PBXFileReference; fileEncoding = 4; lastKnownFileType = sourcecode.c.h; path = HLAddContactLikeTableViewController.h; sourceTree = "<group>"; };
		70222A411DB3A1F8000BD135 /* HLAddContactLikeTableViewController.m */ = {isa = PBXFileReference; fileEncoding = 4; lastKnownFileType = sourcecode.c.objc; path = HLAddContactLikeTableViewController.m; sourceTree = "<group>"; };
		70266CAA1D683879002163B7 /* DemoCollections.app */ = {isa = PBXFileReference; explicitFileType = wrapper.application; includeInIndex = 0; path = DemoCollections.app; sourceTree = BUILT_PRODUCTS_DIR; };
		70266CAE1D683879002163B7 /* main.m */ = {isa = PBXFileReference; lastKnownFileType = sourcecode.c.objc; path = main.m; sourceTree = "<group>"; };
		70266CB01D683879002163B7 /* AppDelegate.h */ = {isa = PBXFileReference; lastKnownFileType = sourcecode.c.h; path = AppDelegate.h; sourceTree = "<group>"; };
		70266CB11D683879002163B7 /* AppDelegate.m */ = {isa = PBXFileReference; lastKnownFileType = sourcecode.c.objc; path = AppDelegate.m; sourceTree = "<group>"; };
		70266CB31D683879002163B7 /* ViewController.h */ = {isa = PBXFileReference; lastKnownFileType = sourcecode.c.h; path = ViewController.h; sourceTree = "<group>"; };
		70266CB41D683879002163B7 /* ViewController.m */ = {isa = PBXFileReference; lastKnownFileType = sourcecode.c.objc; path = ViewController.m; sourceTree = "<group>"; };
		70266CB91D683879002163B7 /* Assets.xcassets */ = {isa = PBXFileReference; lastKnownFileType = folder.assetcatalog; path = Assets.xcassets; sourceTree = "<group>"; };
		70266CBC1D683879002163B7 /* Base */ = {isa = PBXFileReference; lastKnownFileType = file.storyboard; name = Base; path = Base.lproj/LaunchScreen.storyboard; sourceTree = "<group>"; };
		70266CBE1D683879002163B7 /* Info.plist */ = {isa = PBXFileReference; lastKnownFileType = text.plist.xml; path = Info.plist; sourceTree = "<group>"; };
		70266CC31D68387A002163B7 /* DemoCollectionsTests.xctest */ = {isa = PBXFileReference; explicitFileType = wrapper.cfbundle; includeInIndex = 0; path = DemoCollectionsTests.xctest; sourceTree = BUILT_PRODUCTS_DIR; };
		70266CC71D68387A002163B7 /* DemoCollectionsTests.m */ = {isa = PBXFileReference; lastKnownFileType = sourcecode.c.objc; path = DemoCollectionsTests.m; sourceTree = "<group>"; };
		70266CC91D68387A002163B7 /* Info.plist */ = {isa = PBXFileReference; lastKnownFileType = text.plist.xml; path = Info.plist; sourceTree = "<group>"; };
		70266CCE1D68387A002163B7 /* DemoCollectionsUITests.xctest */ = {isa = PBXFileReference; explicitFileType = wrapper.cfbundle; includeInIndex = 0; path = DemoCollectionsUITests.xctest; sourceTree = BUILT_PRODUCTS_DIR; };
		70266CD21D68387A002163B7 /* DemoCollectionsUITests.m */ = {isa = PBXFileReference; lastKnownFileType = sourcecode.c.objc; path = DemoCollectionsUITests.m; sourceTree = "<group>"; };
		70266CD41D68387A002163B7 /* Info.plist */ = {isa = PBXFileReference; lastKnownFileType = text.plist.xml; path = Info.plist; sourceTree = "<group>"; };
		70266CE11D684349002163B7 /* PrefixHeader.pch */ = {isa = PBXFileReference; lastKnownFileType = sourcecode.c.h; path = PrefixHeader.pch; sourceTree = "<group>"; };
		70266CE21D68464D002163B7 /* tables.plist */ = {isa = PBXFileReference; fileEncoding = 4; lastKnownFileType = text.plist.xml; path = tables.plist; sourceTree = "<group>"; };
		70266CE81D684E0E002163B7 /* UIColor+HLRandomColor.h */ = {isa = PBXFileReference; fileEncoding = 4; lastKnownFileType = sourcecode.c.h; path = "UIColor+HLRandomColor.h"; sourceTree = "<group>"; };
		70266CE91D684E0E002163B7 /* UIColor+HLRandomColor.m */ = {isa = PBXFileReference; fileEncoding = 4; lastKnownFileType = sourcecode.c.objc; path = "UIColor+HLRandomColor.m"; sourceTree = "<group>"; };
		70266CEF1D68504C002163B7 /* HLRedaController.h */ = {isa = PBXFileReference; fileEncoding = 4; lastKnownFileType = sourcecode.c.h; path = HLRedaController.h; sourceTree = "<group>"; };
		70266CF01D68504C002163B7 /* HLRedaController.m */ = {isa = PBXFileReference; fileEncoding = 4; lastKnownFileType = sourcecode.c.objc; path = HLRedaController.m; sourceTree = "<group>"; };
		70348E9E1D71800300D3C3C5 /* HLEyeViewController.h */ = {isa = PBXFileReference; fileEncoding = 4; lastKnownFileType = sourcecode.c.h; path = HLEyeViewController.h; sourceTree = "<group>"; };
		70348E9F1D71800300D3C3C5 /* HLEyeViewController.m */ = {isa = PBXFileReference; fileEncoding = 4; lastKnownFileType = sourcecode.c.objc; path = HLEyeViewController.m; sourceTree = "<group>"; };
		70348EA11D7184DC00D3C3C5 /* HLEyeView.h */ = {isa = PBXFileReference; fileEncoding = 4; lastKnownFileType = sourcecode.c.h; path = HLEyeView.h; sourceTree = "<group>"; };
		70348EA21D7184DC00D3C3C5 /* HLEyeView.m */ = {isa = PBXFileReference; fileEncoding = 4; lastKnownFileType = sourcecode.c.objc; path = HLEyeView.m; sourceTree = "<group>"; };
		70348EA51D7276DB00D3C3C5 /* HLDataViewController.h */ = {isa = PBXFileReference; fileEncoding = 4; lastKnownFileType = sourcecode.c.h; path = HLDataViewController.h; sourceTree = "<group>"; };
		70348EA61D7276DB00D3C3C5 /* HLDataViewController.m */ = {isa = PBXFileReference; fileEncoding = 4; lastKnownFileType = sourcecode.c.objc; path = HLDataViewController.m; sourceTree = "<group>"; };
		70348EA91D72773700D3C3C5 /* HLDataBaseTool.h */ = {isa = PBXFileReference; fileEncoding = 4; lastKnownFileType = sourcecode.c.h; path = HLDataBaseTool.h; sourceTree = "<group>"; };
		70348EAA1D72773700D3C3C5 /* HLDataBaseTool.m */ = {isa = PBXFileReference; fileEncoding = 4; lastKnownFileType = sourcecode.c.objc; path = HLDataBaseTool.m; sourceTree = "<group>"; };
		70348EAD1D72775700D3C3C5 /* HLStudentModel.h */ = {isa = PBXFileReference; fileEncoding = 4; lastKnownFileType = sourcecode.c.h; path = HLStudentModel.h; sourceTree = "<group>"; };
		70348EAE1D72775700D3C3C5 /* HLStudentModel.m */ = {isa = PBXFileReference; fileEncoding = 4; lastKnownFileType = sourcecode.c.objc; path = HLStudentModel.m; sourceTree = "<group>"; };
		706B49571DAD251500B57965 /* HLEditingTableViewController.h */ = {isa = PBXFileReference; fileEncoding = 4; lastKnownFileType = sourcecode.c.h; path = HLEditingTableViewController.h; sourceTree = "<group>"; };
		706B49581DAD251500B57965 /* HLEditingTableViewController.m */ = {isa = PBXFileReference; fileEncoding = 4; lastKnownFileType = sourcecode.c.objc; path = HLEditingTableViewController.m; sourceTree = "<group>"; };
		707D83721D6EC52000488B86 /* HLDetailViewController.h */ = {isa = PBXFileReference; fileEncoding = 4; lastKnownFileType = sourcecode.c.h; path = HLDetailViewController.h; sourceTree = "<group>"; };
		707D83731D6EC52000488B86 /* HLDetailViewController.m */ = {isa = PBXFileReference; fileEncoding = 4; lastKnownFileType = sourcecode.c.objc; path = HLDetailViewController.m; sourceTree = "<group>"; };
		707D83781D6ECC3700488B86 /* HLMainModel.h */ = {isa = PBXFileReference; fileEncoding = 4; lastKnownFileType = sourcecode.c.h; path = HLMainModel.h; sourceTree = "<group>"; };
		707D83791D6ECC3700488B86 /* HLMainModel.m */ = {isa = PBXFileReference; fileEncoding = 4; lastKnownFileType = sourcecode.c.objc; path = HLMainModel.m; sourceTree = "<group>"; };
		707FF6741D6ED55D000C4D1A /* reda.html */ = {isa = PBXFileReference; fileEncoding = 4; lastKnownFileType = text.html; path = reda.html; sourceTree = "<group>"; };
		707FF6761D6ED9D0000C4D1A /* gesturePassword.html */ = {isa = PBXFileReference; fileEncoding = 4; lastKnownFileType = text.html; path = gesturePassword.html; sourceTree = "<group>"; };
		70B2F3331D6DCD41004325AB /* HLGestureViewController.h */ = {isa = PBXFileReference; fileEncoding = 4; lastKnownFileType = sourcecode.c.h; path = HLGestureViewController.h; sourceTree = "<group>"; };
		70B2F3341D6DCD41004325AB /* HLGestureViewController.m */ = {isa = PBXFileReference; fileEncoding = 4; lastKnownFileType = sourcecode.c.objc; path = HLGestureViewController.m; sourceTree = "<group>"; };
		70B2F3361D6DCD87004325AB /* HLGestureView.h */ = {isa = PBXFileReference; fileEncoding = 4; lastKnownFileType = sourcecode.c.h; path = HLGestureView.h; sourceTree = "<group>"; };
		70B2F3371D6DCD87004325AB /* HLGestureView.m */ = {isa = PBXFileReference; fileEncoding = 4; lastKnownFileType = sourcecode.c.objc; path = HLGestureView.m; sourceTree = "<group>"; };
		70D74A7E1D818251007A94D6 /* HLCollectionTableViewController.h */ = {isa = PBXFileReference; fileEncoding = 4; lastKnownFileType = sourcecode.c.h; path = HLCollectionTableViewController.h; sourceTree = "<group>"; };
		70D74A7F1D818251007A94D6 /* HLCollectionTableViewController.m */ = {isa = PBXFileReference; fileEncoding = 4; lastKnownFileType = sourcecode.c.objc; path = HLCollectionTableViewController.m; sourceTree = "<group>"; };
		70D74A811D81884C007A94D6 /* HLDynamicCollectionViewCell.h */ = {isa = PBXFileReference; fileEncoding = 4; lastKnownFileType = sourcecode.c.h; path = HLDynamicCollectionViewCell.h; sourceTree = "<group>"; };
		70D74A821D81884C007A94D6 /* HLDynamicCollectionViewCell.m */ = {isa = PBXFileReference; fileEncoding = 4; lastKnownFileType = sourcecode.c.objc; path = HLDynamicCollectionViewCell.m; sourceTree = "<group>"; };
		70D74A841D818F0D007A94D6 /* HLDynamicTableViewCell.h */ = {isa = PBXFileReference; fileEncoding = 4; lastKnownFileType = sourcecode.c.h; path = HLDynamicTableViewCell.h; sourceTree = "<group>"; };
		70D74A851D818F0D007A94D6 /* HLDynamicTableViewCell.m */ = {isa = PBXFileReference; fileEncoding = 4; lastKnownFileType = sourcecode.c.objc; path = HLDynamicTableViewCell.m; sourceTree = "<group>"; };
		70D74A871D81A012007A94D6 /* HLdycell.xib */ = {isa = PBXFileReference; fileEncoding = 4; lastKnownFileType = file.xib; path = HLdycell.xib; sourceTree = "<group>"; };
		70E4D6C71D6897ED00A1C9BB /* UIView+HLFrame.h */ = {isa = PBXFileReference; fileEncoding = 4; lastKnownFileType = sourcecode.c.h; path = "UIView+HLFrame.h"; sourceTree = "<group>"; };
		70E4D6C81D6897ED00A1C9BB /* UIView+HLFrame.m */ = {isa = PBXFileReference; fileEncoding = 4; lastKnownFileType = sourcecode.c.objc; path = "UIView+HLFrame.m"; sourceTree = "<group>"; };
		70FDF0861D9AA9E40044F291 /* HLAddressBookViewController.h */ = {isa = PBXFileReference; fileEncoding = 4; lastKnownFileType = sourcecode.c.h; path = HLAddressBookViewController.h; sourceTree = "<group>"; };
		70FDF0871D9AA9E40044F291 /* HLAddressBookViewController.m */ = {isa = PBXFileReference; fileEncoding = 4; lastKnownFileType = sourcecode.c.objc; path = HLAddressBookViewController.m; sourceTree = "<group>"; };
		70FDF0891D9AA9F30044F291 /* cars_total.plist */ = {isa = PBXFileReference; fileEncoding = 4; lastKnownFileType = text.plist.xml; path = cars_total.plist; sourceTree = "<group>"; };
		70FDF08B1D9AAA030044F291 /* CarModel.h */ = {isa = PBXFileReference; fileEncoding = 4; lastKnownFileType = sourcecode.c.h; path = CarModel.h; sourceTree = "<group>"; };
		70FDF08C1D9AAA030044F291 /* CarSectionModel.h */ = {isa = PBXFileReference; fileEncoding = 4; lastKnownFileType = sourcecode.c.h; path = CarSectionModel.h; sourceTree = "<group>"; };
		70FDF08D1D9AAA030044F291 /* CarModel.m */ = {isa = PBXFileReference; fileEncoding = 4; lastKnownFileType = sourcecode.c.objc; path = CarModel.m; sourceTree = "<group>"; };
		70FDF08E1D9AAA030044F291 /* CarSectionModel.m */ = {isa = PBXFileReference; fileEncoding = 4; lastKnownFileType = sourcecode.c.objc; path = CarSectionModel.m; sourceTree = "<group>"; };
		71CEA1E3343DB2E6DF3C35CD /* Pods-DemoCollections.debug.xcconfig */ = {isa = PBXFileReference; includeInIndex = 1; lastKnownFileType = text.xcconfig; name = "Pods-DemoCollections.debug.xcconfig"; path = "Pods/Target Support Files/Pods-DemoCollections/Pods-DemoCollections.debug.xcconfig"; sourceTree = "<group>"; };
		A5981421CC0D4FF51628E936 /* Pods-DemoCollections.release.xcconfig */ = {isa = PBXFileReference; includeInIndex = 1; lastKnownFileType = text.xcconfig; name = "Pods-DemoCollections.release.xcconfig"; path = "Pods/Target Support Files/Pods-DemoCollections/Pods-DemoCollections.release.xcconfig"; sourceTree = "<group>"; };
/* End PBXFileReference section */

/* Begin PBXFrameworksBuildPhase section */
		70266CA71D683879002163B7 /* Frameworks */ = {
			isa = PBXFrameworksBuildPhase;
			buildActionMask = 2147483647;
			files = (
				B995124BF8520564E162ADC5 /* libPods-DemoCollections.a in Frameworks */,
			);
			runOnlyForDeploymentPostprocessing = 0;
		};
		70266CC01D68387A002163B7 /* Frameworks */ = {
			isa = PBXFrameworksBuildPhase;
			buildActionMask = 2147483647;
			files = (
			);
			runOnlyForDeploymentPostprocessing = 0;
		};
		70266CCB1D68387A002163B7 /* Frameworks */ = {
			isa = PBXFrameworksBuildPhase;
			buildActionMask = 2147483647;
			files = (
			);
			runOnlyForDeploymentPostprocessing = 0;
		};
/* End PBXFrameworksBuildPhase section */

/* Begin PBXGroup section */
		088221E9CA7AC2FBAE94DD3B /* Frameworks */ = {
			isa = PBXGroup;
			children = (
				54094EC404360C4182D743A2 /* libPods-DemoCollections.a */,
			);
			name = Frameworks;
			sourceTree = "<group>";
		};
		6B9416C32929693E5FCDEB8E /* Pods */ = {
			isa = PBXGroup;
			children = (
				71CEA1E3343DB2E6DF3C35CD /* Pods-DemoCollections.debug.xcconfig */,
				A5981421CC0D4FF51628E936 /* Pods-DemoCollections.release.xcconfig */,
			);
			name = Pods;
			sourceTree = "<group>";
		};
		70058DF61D993D8C00E10E45 /* CustomLabels */ = {
			isa = PBXGroup;
			children = (
				70058DF31D993D6E00E10E45 /* HLCustomLabelViewController.h */,
				70058DF41D993D6E00E10E45 /* HLCustomLabelViewController.m */,
				70058DF81D993E1000E10E45 /* HLLabel.h */,
				70058DF91D993E1000E10E45 /* HLLabel.m */,
			);
			name = CustomLabels;
			sourceTree = "<group>";
		};
		702229921DB1AC49000BD135 /* DrawRect */ = {
			isa = PBXGroup;
			children = (
				7022299B1DB1AD25000BD135 /* Model */,
				7022299A1DB1AD1C000BD135 /* Controller */,
				702229991DB1AD12000BD135 /* View */,
			);
			name = DrawRect;
			sourceTree = "<group>";
		};
		702229991DB1AD12000BD135 /* View */ = {
			isa = PBXGroup;
			children = (
				7022299C1DB1AD4F000BD135 /* HLDrawTextView.h */,
				7022299D1DB1AD4F000BD135 /* HLDrawTextView.m */,
			);
			name = View;
			sourceTree = "<group>";
		};
		7022299A1DB1AD1C000BD135 /* Controller */ = {
			isa = PBXGroup;
			children = (
				702229961DB1ACFA000BD135 /* HLHLDrawController.h */,
				702229971DB1ACFA000BD135 /* HLHLDrawController.m */,
			);
			name = Controller;
			sourceTree = "<group>";
		};
		7022299B1DB1AD25000BD135 /* Model */ = {
			isa = PBXGroup;
			children = (
			);
			name = Model;
			sourceTree = "<group>";
		};
		7022299F1DB1B560000BD135 /* WindowOperation */ = {
			isa = PBXGroup;
			children = (
				702229A01DB1B581000BD135 /* HLWindowViewController.h */,
				702229A11DB1B581000BD135 /* HLWindowViewController.m */,
			);
			name = WindowOperation;
			sourceTree = "<group>";
		};
		70222A391DB32490000BD135 /* SortMethods */ = {
			isa = PBXGroup;
			children = (
				70222A3A1DB324BD000BD135 /* HLSortMethodViewController.h */,
				70222A3B1DB324BD000BD135 /* HLSortMethodViewController.m */,
			);
			name = SortMethods;
			sourceTree = "<group>";
		};
		70266CA11D683879002163B7 = {
			isa = PBXGroup;
			children = (
				70266CAC1D683879002163B7 /* DemoCollections */,
				70266CC61D68387A002163B7 /* DemoCollectionsTests */,
				70266CD11D68387A002163B7 /* DemoCollectionsUITests */,
				70266CAB1D683879002163B7 /* Products */,
				6B9416C32929693E5FCDEB8E /* Pods */,
				088221E9CA7AC2FBAE94DD3B /* Frameworks */,
			);
			sourceTree = "<group>";
		};
		70266CAB1D683879002163B7 /* Products */ = {
			isa = PBXGroup;
			children = (
				70266CAA1D683879002163B7 /* DemoCollections.app */,
				70266CC31D68387A002163B7 /* DemoCollectionsTests.xctest */,
				70266CCE1D68387A002163B7 /* DemoCollectionsUITests.xctest */,
			);
			name = Products;
			sourceTree = "<group>";
		};
		70266CAC1D683879002163B7 /* DemoCollections */ = {
			isa = PBXGroup;
			children = (
				707D83771D6ECC1C00488B86 /* Models */,
				70266CEB1D684FE7002163B7 /* Effects */,
				70266CE71D684DD7002163B7 /* tools */,
				70266CE01D684051002163B7 /* MainFrame */,
				70266CB91D683879002163B7 /* Assets.xcassets */,
				70266CBB1D683879002163B7 /* LaunchScreen.storyboard */,
				70266CBE1D683879002163B7 /* Info.plist */,
				70266CAD1D683879002163B7 /* Supporting Files */,
			);
			path = DemoCollections;
			sourceTree = "<group>";
		};
		70266CAD1D683879002163B7 /* Supporting Files */ = {
			isa = PBXGroup;
			children = (
				707FF6741D6ED55D000C4D1A /* reda.html */,
				702229A31DB1BD28000BD135 /* window.html */,
				707FF6761D6ED9D0000C4D1A /* gesturePassword.html */,
				70266CAE1D683879002163B7 /* main.m */,
				70266CE21D68464D002163B7 /* tables.plist */,
				70266CE11D684349002163B7 /* PrefixHeader.pch */,
			);
			name = "Supporting Files";
			sourceTree = "<group>";
		};
		70266CC61D68387A002163B7 /* DemoCollectionsTests */ = {
			isa = PBXGroup;
			children = (
				70266CC71D68387A002163B7 /* DemoCollectionsTests.m */,
				70266CC91D68387A002163B7 /* Info.plist */,
			);
			path = DemoCollectionsTests;
			sourceTree = "<group>";
		};
		70266CD11D68387A002163B7 /* DemoCollectionsUITests */ = {
			isa = PBXGroup;
			children = (
				70266CD21D68387A002163B7 /* DemoCollectionsUITests.m */,
				70266CD41D68387A002163B7 /* Info.plist */,
			);
			path = DemoCollectionsUITests;
			sourceTree = "<group>";
		};
		70266CE01D684051002163B7 /* MainFrame */ = {
			isa = PBXGroup;
			children = (
				70266CB01D683879002163B7 /* AppDelegate.h */,
				70266CB11D683879002163B7 /* AppDelegate.m */,
				70266CB31D683879002163B7 /* ViewController.h */,
				70266CB41D683879002163B7 /* ViewController.m */,
				707D83721D6EC52000488B86 /* HLDetailViewController.h */,
				707D83731D6EC52000488B86 /* HLDetailViewController.m */,
			);
			name = MainFrame;
			sourceTree = "<group>";
		};
		70266CE71D684DD7002163B7 /* tools */ = {
			isa = PBXGroup;
			children = (
				70266CE81D684E0E002163B7 /* UIColor+HLRandomColor.h */,
				70266CE91D684E0E002163B7 /* UIColor+HLRandomColor.m */,
				70E4D6C71D6897ED00A1C9BB /* UIView+HLFrame.h */,
				70E4D6C81D6897ED00A1C9BB /* UIView+HLFrame.m */,
			);
			name = tools;
			sourceTree = "<group>";
		};
		70266CEB1D684FE7002163B7 /* Effects */ = {
			isa = PBXGroup;
			children = (
				70222A391DB32490000BD135 /* SortMethods */,
				7022299F1DB1B560000BD135 /* WindowOperation */,
				702229921DB1AC49000BD135 /* DrawRect */,
				706B49561DAD24EB00B57965 /* TableViewAll */,
				70FDF0851D9AA9A20044F291 /* AddressBook */,
				70D74A791D8181D2007A94D6 /* DynamicTableColumn */,
				70348EA41D7276B200D3C3C5 /* DataBase */,
				70348E9D1D717FCF00D3C3C5 /* DrawEyeAnimation */,
				70B2F3321D6DCD13004325AB /* GesturePassword */,
				70266CF21D68529C002163B7 /* RedaAnimation */,
				70058DF61D993D8C00E10E45 /* CustomLabels */,
			);
			name = Effects;
			sourceTree = "<group>";
		};
		70266CF21D68529C002163B7 /* RedaAnimation */ = {
			isa = PBXGroup;
			children = (
				70266CEF1D68504C002163B7 /* HLRedaController.h */,
				70266CF01D68504C002163B7 /* HLRedaController.m */,
			);
			name = RedaAnimation;
			sourceTree = "<group>";
		};
		70348E9D1D717FCF00D3C3C5 /* DrawEyeAnimation */ = {
			isa = PBXGroup;
			children = (
				70348E9E1D71800300D3C3C5 /* HLEyeViewController.h */,
				70348E9F1D71800300D3C3C5 /* HLEyeViewController.m */,
				70348EA11D7184DC00D3C3C5 /* HLEyeView.h */,
				70348EA21D7184DC00D3C3C5 /* HLEyeView.m */,
			);
			name = DrawEyeAnimation;
			sourceTree = "<group>";
		};
		70348EA41D7276B200D3C3C5 /* DataBase */ = {
			isa = PBXGroup;
			children = (
				70348EAC1D72774400D3C3C5 /* Models */,
				70348EA81D72770500D3C3C5 /* Tools */,
				70348EA51D7276DB00D3C3C5 /* HLDataViewController.h */,
				70348EA61D7276DB00D3C3C5 /* HLDataViewController.m */,
			);
			name = DataBase;
			sourceTree = "<group>";
		};
		70348EA81D72770500D3C3C5 /* Tools */ = {
			isa = PBXGroup;
			children = (
				70348EA91D72773700D3C3C5 /* HLDataBaseTool.h */,
				70348EAA1D72773700D3C3C5 /* HLDataBaseTool.m */,
			);
			name = Tools;
			sourceTree = "<group>";
		};
		70348EAC1D72774400D3C3C5 /* Models */ = {
			isa = PBXGroup;
			children = (
				70348EAD1D72775700D3C3C5 /* HLStudentModel.h */,
				70348EAE1D72775700D3C3C5 /* HLStudentModel.m */,
			);
			name = Models;
			sourceTree = "<group>";
		};
		706B49561DAD24EB00B57965 /* TableViewAll */ = {
			isa = PBXGroup;
			children = (
				706B49571DAD251500B57965 /* HLEditingTableViewController.h */,
				706B49581DAD251500B57965 /* HLEditingTableViewController.m */,
				70222A401DB3A1F8000BD135 /* HLAddContactLikeTableViewController.h */,
				70222A411DB3A1F8000BD135 /* HLAddContactLikeTableViewController.m */,
			);
			name = TableViewAll;
			sourceTree = "<group>";
		};
		707D83771D6ECC1C00488B86 /* Models */ = {
			isa = PBXGroup;
			children = (
				707D83781D6ECC3700488B86 /* HLMainModel.h */,
				707D83791D6ECC3700488B86 /* HLMainModel.m */,
			);
			name = Models;
			sourceTree = "<group>";
		};
		70B2F3321D6DCD13004325AB /* GesturePassword */ = {
			isa = PBXGroup;
			children = (
				70B2F3331D6DCD41004325AB /* HLGestureViewController.h */,
				70B2F3341D6DCD41004325AB /* HLGestureViewController.m */,
				70B2F3361D6DCD87004325AB /* HLGestureView.h */,
				70B2F3371D6DCD87004325AB /* HLGestureView.m */,
			);
			name = GesturePassword;
			sourceTree = "<group>";
		};
		70D74A791D8181D2007A94D6 /* DynamicTableColumn */ = {
			isa = PBXGroup;
			children = (
				70D74A7D1D81820B007A94D6 /* Views */,
				70D74A7C1D818204007A94D6 /* Controller */,
				70D74A7A1D8181F8007A94D6 /* Models */,
			);
			name = DynamicTableColumn;
			sourceTree = "<group>";
		};
		70D74A7A1D8181F8007A94D6 /* Models */ = {
			isa = PBXGroup;
			children = (
			);
			name = Models;
			sourceTree = "<group>";
		};
		70D74A7C1D818204007A94D6 /* Controller */ = {
			isa = PBXGroup;
			children = (
				70D74A7E1D818251007A94D6 /* HLCollectionTableViewController.h */,
				70D74A7F1D818251007A94D6 /* HLCollectionTableViewController.m */,
			);
			name = Controller;
			sourceTree = "<group>";
		};
		70D74A7D1D81820B007A94D6 /* Views */ = {
			isa = PBXGroup;
			children = (
				70D74A811D81884C007A94D6 /* HLDynamicCollectionViewCell.h */,
				70D74A821D81884C007A94D6 /* HLDynamicCollectionViewCell.m */,
				70D74A841D818F0D007A94D6 /* HLDynamicTableViewCell.h */,
				70D74A851D818F0D007A94D6 /* HLDynamicTableViewCell.m */,
				70D74A871D81A012007A94D6 /* HLdycell.xib */,
			);
			name = Views;
			sourceTree = "<group>";
		};
		70FDF0851D9AA9A20044F291 /* AddressBook */ = {
			isa = PBXGroup;
			children = (
				70FDF0891D9AA9F30044F291 /* cars_total.plist */,
				70FDF0861D9AA9E40044F291 /* HLAddressBookViewController.h */,
				70FDF0871D9AA9E40044F291 /* HLAddressBookViewController.m */,
				70FDF08B1D9AAA030044F291 /* CarModel.h */,
				70FDF08D1D9AAA030044F291 /* CarModel.m */,
				70FDF08C1D9AAA030044F291 /* CarSectionModel.h */,
				70FDF08E1D9AAA030044F291 /* CarSectionModel.m */,
			);
			name = AddressBook;
			sourceTree = "<group>";
		};
/* End PBXGroup section */

/* Begin PBXNativeTarget section */
		70266CA91D683879002163B7 /* DemoCollections */ = {
			isa = PBXNativeTarget;
			buildConfigurationList = 70266CD71D68387A002163B7 /* Build configuration list for PBXNativeTarget "DemoCollections" */;
			buildPhases = (
				39CCD20027FD1A19C36EDDA6 /* [CP] Check Pods Manifest.lock */,
				70266CA61D683879002163B7 /* Sources */,
				70266CA71D683879002163B7 /* Frameworks */,
				70266CA81D683879002163B7 /* Resources */,
				E32DE7DBBF1D08A1DC08856C /* [CP] Embed Pods Frameworks */,
				1C901DAE2840A165F8BD954F /* [CP] Copy Pods Resources */,
			);
			buildRules = (
			);
			dependencies = (
			);
			name = DemoCollections;
			productName = DemoCollections;
			productReference = 70266CAA1D683879002163B7 /* DemoCollections.app */;
			productType = "com.apple.product-type.application";
		};
		70266CC21D68387A002163B7 /* DemoCollectionsTests */ = {
			isa = PBXNativeTarget;
			buildConfigurationList = 70266CDA1D68387A002163B7 /* Build configuration list for PBXNativeTarget "DemoCollectionsTests" */;
			buildPhases = (
				70266CBF1D68387A002163B7 /* Sources */,
				70266CC01D68387A002163B7 /* Frameworks */,
				70266CC11D68387A002163B7 /* Resources */,
			);
			buildRules = (
			);
			dependencies = (
				70266CC51D68387A002163B7 /* PBXTargetDependency */,
			);
			name = DemoCollectionsTests;
			productName = DemoCollectionsTests;
			productReference = 70266CC31D68387A002163B7 /* DemoCollectionsTests.xctest */;
			productType = "com.apple.product-type.bundle.unit-test";
		};
		70266CCD1D68387A002163B7 /* DemoCollectionsUITests */ = {
			isa = PBXNativeTarget;
			buildConfigurationList = 70266CDD1D68387A002163B7 /* Build configuration list for PBXNativeTarget "DemoCollectionsUITests" */;
			buildPhases = (
				70266CCA1D68387A002163B7 /* Sources */,
				70266CCB1D68387A002163B7 /* Frameworks */,
				70266CCC1D68387A002163B7 /* Resources */,
			);
			buildRules = (
			);
			dependencies = (
				70266CD01D68387A002163B7 /* PBXTargetDependency */,
			);
			name = DemoCollectionsUITests;
			productName = DemoCollectionsUITests;
			productReference = 70266CCE1D68387A002163B7 /* DemoCollectionsUITests.xctest */;
			productType = "com.apple.product-type.bundle.ui-testing";
		};
/* End PBXNativeTarget section */

/* Begin PBXProject section */
		70266CA21D683879002163B7 /* Project object */ = {
			isa = PBXProject;
			attributes = {
				CLASSPREFIX = HL;
				LastUpgradeCheck = 0730;
				ORGANIZATIONNAME = helong;
				TargetAttributes = {
					70266CA91D683879002163B7 = {
						CreatedOnToolsVersion = 7.3.1;
						DevelopmentTeam = 7D9PWHA8VU;
					};
					70266CC21D68387A002163B7 = {
						CreatedOnToolsVersion = 7.3.1;
						DevelopmentTeam = 7D9PWHA8VU;
						TestTargetID = 70266CA91D683879002163B7;
					};
					70266CCD1D68387A002163B7 = {
						CreatedOnToolsVersion = 7.3.1;
						DevelopmentTeam = 7D9PWHA8VU;
						TestTargetID = 70266CA91D683879002163B7;
					};
				};
			};
			buildConfigurationList = 70266CA51D683879002163B7 /* Build configuration list for PBXProject "DemoCollections" */;
			compatibilityVersion = "Xcode 3.2";
			developmentRegion = English;
			hasScannedForEncodings = 0;
			knownRegions = (
				en,
				Base,
			);
			mainGroup = 70266CA11D683879002163B7;
			productRefGroup = 70266CAB1D683879002163B7 /* Products */;
			projectDirPath = "";
			projectRoot = "";
			targets = (
				70266CA91D683879002163B7 /* DemoCollections */,
				70266CC21D68387A002163B7 /* DemoCollectionsTests */,
				70266CCD1D68387A002163B7 /* DemoCollectionsUITests */,
			);
		};
/* End PBXProject section */

/* Begin PBXResourcesBuildPhase section */
		70266CA81D683879002163B7 /* Resources */ = {
			isa = PBXResourcesBuildPhase;
			buildActionMask = 2147483647;
			files = (
				707FF6751D6ED55D000C4D1A /* reda.html in Resources */,
				70266CBD1D683879002163B7 /* LaunchScreen.storyboard in Resources */,
				70266CE31D68464D002163B7 /* tables.plist in Resources */,
				707FF6771D6ED9D0000C4D1A /* gesturePassword.html in Resources */,
				70D74A881D81A012007A94D6 /* HLdycell.xib in Resources */,
				70266CBA1D683879002163B7 /* Assets.xcassets in Resources */,
				702229A41DB1BD28000BD135 /* window.html in Resources */,
				70FDF08A1D9AA9F30044F291 /* cars_total.plist in Resources */,
			);
			runOnlyForDeploymentPostprocessing = 0;
		};
		70266CC11D68387A002163B7 /* Resources */ = {
			isa = PBXResourcesBuildPhase;
			buildActionMask = 2147483647;
			files = (
			);
			runOnlyForDeploymentPostprocessing = 0;
		};
		70266CCC1D68387A002163B7 /* Resources */ = {
			isa = PBXResourcesBuildPhase;
			buildActionMask = 2147483647;
			files = (
			);
			runOnlyForDeploymentPostprocessing = 0;
		};
/* End PBXResourcesBuildPhase section */

/* Begin PBXShellScriptBuildPhase section */
		1C901DAE2840A165F8BD954F /* [CP] Copy Pods Resources */ = {
			isa = PBXShellScriptBuildPhase;
			buildActionMask = 2147483647;
			files = (
			);
			inputPaths = (
			);
			name = "[CP] Copy Pods Resources";
			outputPaths = (
			);
			runOnlyForDeploymentPostprocessing = 0;
			shellPath = /bin/sh;
			shellScript = "\"${SRCROOT}/Pods/Target Support Files/Pods-DemoCollections/Pods-DemoCollections-resources.sh\"\n";
			showEnvVarsInLog = 0;
		};
		39CCD20027FD1A19C36EDDA6 /* [CP] Check Pods Manifest.lock */ = {
			isa = PBXShellScriptBuildPhase;
			buildActionMask = 2147483647;
			files = (
			);
			inputPaths = (
			);
			name = "[CP] Check Pods Manifest.lock";
			outputPaths = (
			);
			runOnlyForDeploymentPostprocessing = 0;
			shellPath = /bin/sh;
			shellScript = "diff \"${PODS_ROOT}/../Podfile.lock\" \"${PODS_ROOT}/Manifest.lock\" > /dev/null\nif [[ $? != 0 ]] ; then\n    cat << EOM\nerror: The sandbox is not in sync with the Podfile.lock. Run 'pod install' or update your CocoaPods installation.\nEOM\n    exit 1\nfi\n";
			showEnvVarsInLog = 0;
		};
		E32DE7DBBF1D08A1DC08856C /* [CP] Embed Pods Frameworks */ = {
			isa = PBXShellScriptBuildPhase;
			buildActionMask = 2147483647;
			files = (
			);
			inputPaths = (
			);
			name = "[CP] Embed Pods Frameworks";
			outputPaths = (
			);
			runOnlyForDeploymentPostprocessing = 0;
			shellPath = /bin/sh;
			shellScript = "\"${SRCROOT}/Pods/Target Support Files/Pods-DemoCollections/Pods-DemoCollections-frameworks.sh\"\n";
			showEnvVarsInLog = 0;
		};
/* End PBXShellScriptBuildPhase section */

/* Begin PBXSourcesBuildPhase section */
		70266CA61D683879002163B7 /* Sources */ = {
			isa = PBXSourcesBuildPhase;
			buildActionMask = 2147483647;
			files = (
				70B2F3381D6DCD87004325AB /* HLGestureView.m in Sources */,
				70D74A831D81884C007A94D6 /* HLDynamicCollectionViewCell.m in Sources */,
				70266CF11D68504C002163B7 /* HLRedaController.m in Sources */,
				70266CB51D683879002163B7 /* ViewController.m in Sources */,
				70B2F3351D6DCD41004325AB /* HLGestureViewController.m in Sources */,
				70D74A861D818F0D007A94D6 /* HLDynamicTableViewCell.m in Sources */,
				707D837A1D6ECC3700488B86 /* HLMainModel.m in Sources */,
				70222A3C1DB324BD000BD135 /* HLSortMethodViewController.m in Sources */,
				70266CB21D683879002163B7 /* AppDelegate.m in Sources */,
				70348EA01D71800300D3C3C5 /* HLEyeViewController.m in Sources */,
				702229A21DB1B581000BD135 /* HLWindowViewController.m in Sources */,
				707D83741D6EC52000488B86 /* HLDetailViewController.m in Sources */,
				70FDF0901D9AAA030044F291 /* CarSectionModel.m in Sources */,
				70FDF0881D9AA9E40044F291 /* HLAddressBookViewController.m in Sources */,
				70FDF08F1D9AAA030044F291 /* CarModel.m in Sources */,
				7022299E1DB1AD4F000BD135 /* HLDrawTextView.m in Sources */,
				70222A421DB3A1F8000BD135 /* HLAddContactLikeTableViewController.m in Sources */,
				702229981DB1ACFA000BD135 /* HLHLDrawController.m in Sources */,
				70348EAB1D72773700D3C3C5 /* HLDataBaseTool.m in Sources */,
				70D74A801D818251007A94D6 /* HLCollectionTableViewController.m in Sources */,
				70058DFA1D993E1000E10E45 /* HLLabel.m in Sources */,
				706B49591DAD251500B57965 /* HLEditingTableViewController.m in Sources */,
				70058DF51D993D6E00E10E45 /* HLCustomLabelViewController.m in Sources */,
				70348EA31D7184DC00D3C3C5 /* HLEyeView.m in Sources */,
				70E4D6C91D6897ED00A1C9BB /* UIView+HLFrame.m in Sources */,
				70348EAF1D72775700D3C3C5 /* HLStudentModel.m in Sources */,
				70266CEA1D684E0E002163B7 /* UIColor+HLRandomColor.m in Sources */,
				70348EA71D7276DB00D3C3C5 /* HLDataViewController.m in Sources */,
				70266CAF1D683879002163B7 /* main.m in Sources */,
			);
			runOnlyForDeploymentPostprocessing = 0;
		};
		70266CBF1D68387A002163B7 /* Sources */ = {
			isa = PBXSourcesBuildPhase;
			buildActionMask = 2147483647;
			files = (
				70266CC81D68387A002163B7 /* DemoCollectionsTests.m in Sources */,
			);
			runOnlyForDeploymentPostprocessing = 0;
		};
		70266CCA1D68387A002163B7 /* Sources */ = {
			isa = PBXSourcesBuildPhase;
			buildActionMask = 2147483647;
			files = (
				70266CD31D68387A002163B7 /* DemoCollectionsUITests.m in Sources */,
			);
			runOnlyForDeploymentPostprocessing = 0;
		};
/* End PBXSourcesBuildPhase section */

/* Begin PBXTargetDependency section */
		70266CC51D68387A002163B7 /* PBXTargetDependency */ = {
			isa = PBXTargetDependency;
			target = 70266CA91D683879002163B7 /* DemoCollections */;
			targetProxy = 70266CC41D68387A002163B7 /* PBXContainerItemProxy */;
		};
		70266CD01D68387A002163B7 /* PBXTargetDependency */ = {
			isa = PBXTargetDependency;
			target = 70266CA91D683879002163B7 /* DemoCollections */;
			targetProxy = 70266CCF1D68387A002163B7 /* PBXContainerItemProxy */;
		};
/* End PBXTargetDependency section */

/* Begin PBXVariantGroup section */
		70266CBB1D683879002163B7 /* LaunchScreen.storyboard */ = {
			isa = PBXVariantGroup;
			children = (
				70266CBC1D683879002163B7 /* Base */,
			);
			name = LaunchScreen.storyboard;
			sourceTree = "<group>";
		};
/* End PBXVariantGroup section */

/* Begin XCBuildConfiguration section */
		70266CD51D68387A002163B7 /* Debug */ = {
			isa = XCBuildConfiguration;
			buildSettings = {
				ALWAYS_SEARCH_USER_PATHS = NO;
				CLANG_ANALYZER_NONNULL = YES;
				CLANG_CXX_LANGUAGE_STANDARD = "gnu++0x";
				CLANG_CXX_LIBRARY = "libc++";
				CLANG_ENABLE_MODULES = YES;
				CLANG_ENABLE_OBJC_ARC = YES;
				CLANG_WARN_BOOL_CONVERSION = YES;
				CLANG_WARN_CONSTANT_CONVERSION = YES;
				CLANG_WARN_DIRECT_OBJC_ISA_USAGE = YES_ERROR;
				CLANG_WARN_EMPTY_BODY = YES;
				CLANG_WARN_ENUM_CONVERSION = YES;
				CLANG_WARN_INT_CONVERSION = YES;
				CLANG_WARN_OBJC_ROOT_CLASS = YES_ERROR;
				CLANG_WARN_UNREACHABLE_CODE = YES;
				CLANG_WARN__DUPLICATE_METHOD_MATCH = YES;
				"CODE_SIGN_IDENTITY[sdk=iphoneos*]" = "iPhone Developer";
				COPY_PHASE_STRIP = NO;
				DEBUG_INFORMATION_FORMAT = dwarf;
				ENABLE_STRICT_OBJC_MSGSEND = YES;
				ENABLE_TESTABILITY = YES;
				GCC_C_LANGUAGE_STANDARD = gnu99;
				GCC_DYNAMIC_NO_PIC = NO;
				GCC_NO_COMMON_BLOCKS = YES;
				GCC_OPTIMIZATION_LEVEL = 0;
				GCC_PREPROCESSOR_DEFINITIONS = (
					"DEBUG=1",
					"$(inherited)",
				);
				GCC_WARN_64_TO_32_BIT_CONVERSION = YES;
				GCC_WARN_ABOUT_RETURN_TYPE = YES_ERROR;
				GCC_WARN_UNDECLARED_SELECTOR = YES;
				GCC_WARN_UNINITIALIZED_AUTOS = YES_AGGRESSIVE;
				GCC_WARN_UNUSED_FUNCTION = YES;
				GCC_WARN_UNUSED_VARIABLE = YES;
				IPHONEOS_DEPLOYMENT_TARGET = 9.3;
				MTL_ENABLE_DEBUG_INFO = YES;
				ONLY_ACTIVE_ARCH = YES;
				SDKROOT = iphoneos;
				TARGETED_DEVICE_FAMILY = "1,2";
			};
			name = Debug;
		};
		70266CD61D68387A002163B7 /* Release */ = {
			isa = XCBuildConfiguration;
			buildSettings = {
				ALWAYS_SEARCH_USER_PATHS = NO;
				CLANG_ANALYZER_NONNULL = YES;
				CLANG_CXX_LANGUAGE_STANDARD = "gnu++0x";
				CLANG_CXX_LIBRARY = "libc++";
				CLANG_ENABLE_MODULES = YES;
				CLANG_ENABLE_OBJC_ARC = YES;
				CLANG_WARN_BOOL_CONVERSION = YES;
				CLANG_WARN_CONSTANT_CONVERSION = YES;
				CLANG_WARN_DIRECT_OBJC_ISA_USAGE = YES_ERROR;
				CLANG_WARN_EMPTY_BODY = YES;
				CLANG_WARN_ENUM_CONVERSION = YES;
				CLANG_WARN_INT_CONVERSION = YES;
				CLANG_WARN_OBJC_ROOT_CLASS = YES_ERROR;
				CLANG_WARN_UNREACHABLE_CODE = YES;
				CLANG_WARN__DUPLICATE_METHOD_MATCH = YES;
				"CODE_SIGN_IDENTITY[sdk=iphoneos*]" = "iPhone Developer";
				COPY_PHASE_STRIP = NO;
				DEBUG_INFORMATION_FORMAT = "dwarf-with-dsym";
				ENABLE_NS_ASSERTIONS = NO;
				ENABLE_STRICT_OBJC_MSGSEND = YES;
				GCC_C_LANGUAGE_STANDARD = gnu99;
				GCC_NO_COMMON_BLOCKS = YES;
				GCC_WARN_64_TO_32_BIT_CONVERSION = YES;
				GCC_WARN_ABOUT_RETURN_TYPE = YES_ERROR;
				GCC_WARN_UNDECLARED_SELECTOR = YES;
				GCC_WARN_UNINITIALIZED_AUTOS = YES_AGGRESSIVE;
				GCC_WARN_UNUSED_FUNCTION = YES;
				GCC_WARN_UNUSED_VARIABLE = YES;
				IPHONEOS_DEPLOYMENT_TARGET = 9.3;
				MTL_ENABLE_DEBUG_INFO = NO;
				SDKROOT = iphoneos;
				TARGETED_DEVICE_FAMILY = "1,2";
				VALIDATE_PRODUCT = YES;
			};
			name = Release;
		};
		70266CD81D68387A002163B7 /* Debug */ = {
			isa = XCBuildConfiguration;
			baseConfigurationReference = 71CEA1E3343DB2E6DF3C35CD /* Pods-DemoCollections.debug.xcconfig */;
			buildSettings = {
				ASSETCATALOG_COMPILER_APPICON_NAME = AppIcon;
				ASSETCATALOG_COMPILER_LAUNCHIMAGE_NAME = LaunchImage;
				GCC_PREFIX_HEADER = /Users/helong/Documents/allDemos/DemoCollections/DemoCollections/PrefixHeader.pch;
				INFOPLIST_FILE = DemoCollections/Info.plist;
				LD_RUNPATH_SEARCH_PATHS = "$(inherited) @executable_path/Frameworks";
				PRODUCT_BUNDLE_IDENTIFIER = cn.helong.DemoCollections;
				PRODUCT_NAME = "$(TARGET_NAME)";
			};
			name = Debug;
		};
		70266CD91D68387A002163B7 /* Release */ = {
			isa = XCBuildConfiguration;
			baseConfigurationReference = A5981421CC0D4FF51628E936 /* Pods-DemoCollections.release.xcconfig */;
			buildSettings = {
				ASSETCATALOG_COMPILER_APPICON_NAME = AppIcon;
				ASSETCATALOG_COMPILER_LAUNCHIMAGE_NAME = LaunchImage;
				GCC_PREFIX_HEADER = /Users/helong/Documents/allDemos/DemoCollections/DemoCollections/PrefixHeader.pch;
				INFOPLIST_FILE = DemoCollections/Info.plist;
				LD_RUNPATH_SEARCH_PATHS = "$(inherited) @executable_path/Frameworks";
				PRODUCT_BUNDLE_IDENTIFIER = cn.helong.DemoCollections;
				PRODUCT_NAME = "$(TARGET_NAME)";
			};
			name = Release;
		};
		70266CDB1D68387A002163B7 /* Debug */ = {
			isa = XCBuildConfiguration;
			buildSettings = {
				BUNDLE_LOADER = "$(TEST_HOST)";
				INFOPLIST_FILE = DemoCollectionsTests/Info.plist;
				LD_RUNPATH_SEARCH_PATHS = "$(inherited) @executable_path/Frameworks @loader_path/Frameworks";
				PRODUCT_BUNDLE_IDENTIFIER = cn.helong.DemoCollectionsTests;
				PRODUCT_NAME = "$(TARGET_NAME)";
				TEST_HOST = "$(BUILT_PRODUCTS_DIR)/DemoCollections.app/DemoCollections";
			};
			name = Debug;
		};
		70266CDC1D68387A002163B7 /* Release */ = {
			isa = XCBuildConfiguration;
			buildSettings = {
				BUNDLE_LOADER = "$(TEST_HOST)";
				INFOPLIST_FILE = DemoCollectionsTests/Info.plist;
				LD_RUNPATH_SEARCH_PATHS = "$(inherited) @executable_path/Frameworks @loader_path/Frameworks";
				PRODUCT_BUNDLE_IDENTIFIER = cn.helong.DemoCollectionsTests;
				PRODUCT_NAME = "$(TARGET_NAME)";
				TEST_HOST = "$(BUILT_PRODUCTS_DIR)/DemoCollections.app/DemoCollections";
			};
			name = Release;
		};
		70266CDE1D68387A002163B7 /* Debug */ = {
			isa = XCBuildConfiguration;
			buildSettings = {
				INFOPLIST_FILE = DemoCollectionsUITests/Info.plist;
				LD_RUNPATH_SEARCH_PATHS = "$(inherited) @executable_path/Frameworks @loader_path/Frameworks";
				PRODUCT_BUNDLE_IDENTIFIER = cn.helong.DemoCollectionsUITests;
				PRODUCT_NAME = "$(TARGET_NAME)";
				TEST_TARGET_NAME = DemoCollections;
			};
			name = Debug;
		};
		70266CDF1D68387A002163B7 /* Release */ = {
			isa = XCBuildConfiguration;
			buildSettings = {
				INFOPLIST_FILE = DemoCollectionsUITests/Info.plist;
				LD_RUNPATH_SEARCH_PATHS = "$(inherited) @executable_path/Frameworks @loader_path/Frameworks";
				PRODUCT_BUNDLE_IDENTIFIER = cn.helong.DemoCollectionsUITests;
				PRODUCT_NAME = "$(TARGET_NAME)";
				TEST_TARGET_NAME = DemoCollections;
			};
			name = Release;
		};
/* End XCBuildConfiguration section */

/* Begin XCConfigurationList section */
		70266CA51D683879002163B7 /* Build configuration list for PBXProject "DemoCollections" */ = {
			isa = XCConfigurationList;
			buildConfigurations = (
				70266CD51D68387A002163B7 /* Debug */,
				70266CD61D68387A002163B7 /* Release */,
			);
			defaultConfigurationIsVisible = 0;
			defaultConfigurationName = Release;
		};
		70266CD71D68387A002163B7 /* Build configuration list for PBXNativeTarget "DemoCollections" */ = {
			isa = XCConfigurationList;
			buildConfigurations = (
				70266CD81D68387A002163B7 /* Debug */,
				70266CD91D68387A002163B7 /* Release */,
			);
			defaultConfigurationIsVisible = 0;
			defaultConfigurationName = Release;
		};
		70266CDA1D68387A002163B7 /* Build configuration list for PBXNativeTarget "DemoCollectionsTests" */ = {
			isa = XCConfigurationList;
			buildConfigurations = (
				70266CDB1D68387A002163B7 /* Debug */,
				70266CDC1D68387A002163B7 /* Release */,
			);
			defaultConfigurationIsVisible = 0;
			defaultConfigurationName = Release;
		};
		70266CDD1D68387A002163B7 /* Build configuration list for PBXNativeTarget "DemoCollectionsUITests" */ = {
			isa = XCConfigurationList;
			buildConfigurations = (
				70266CDE1D68387A002163B7 /* Debug */,
				70266CDF1D68387A002163B7 /* Release */,
			);
			defaultConfigurationIsVisible = 0;
			defaultConfigurationName = Release;
		};
/* End XCConfigurationList section */
	};
	rootObject = 70266CA21D683879002163B7 /* Project object */;
}
